{
  "name": "slashcommand",
  "version": "1.0.0",
  "lockfileVersion": 1,
  "requires": true,
  "dependencies": {
    "aws-lambda-local": {
      "version": "2.0.6",
      "resolved": "https://registry.npmjs.org/aws-lambda-local/-/aws-lambda-local-2.0.6.tgz",
      "integrity": "sha512-ylllzeDSX2ZgJge39DqcYBE2bKuwo7TW673S6zh+UYZRZRYytGjMkuDcsiC2ELBhlJHQqAqM/UD075GSlCFcOA=="
    }
  }
}
